{
  "version": 4,
  "terraform_version": "1.8.1",
  "serial": 109,
  "lineage": "3dc5449d-8975-9079-e20f-2760e5786599",
  "outputs": {},
  "resources": [
    {
      "mode": "data",
      "type": "azurerm_subscription",
      "name": "primary",
      "provider": "provider[\"registry.terraform.io/hashicorp/azurerm\"]",
      "instances": [
        {
          "schema_version": 0,
          "attributes": {
            "display_name": "Free Trial",
            "id": "/subscriptions/06d7b9e6-3cfd-42f4-adcd-6e53d58e3320",
            "location_placement_id": "PublicAndIndia_2015-09-01",
            "quota_id": "FreeTrial_2014-09-01",
            "spending_limit": "On",
            "state": "Enabled",
            "subscription_id": "06d7b9e6-3cfd-42f4-adcd-6e53d58e3320",
            "tags": {},
            "tenant_id": "6fac95a1-8c96-45ad-80a8-a088cf054946",
            "timeouts": null
          },
          "sensitive_attributes": []
        }
      ]
    },
    {
      "mode": "managed",
      "type": "azurerm_key_vault_secret",
      "name": "kvtsec",
      "provider": "provider[\"registry.terraform.io/hashicorp/azurerm\"]",
      "instances": [
        {
          "schema_version": 0,
          "attributes": {
            "content_type": "",
            "expiration_date": null,
            "id": "https://iib-tf-aks-lab-kvt.vault.azure.net/secrets/b38674e1-e43b-467d-8306-c19094b31b8f/66690ea3700648d5bb4d33b3a1b07729",
            "key_vault_id": "/subscriptions/06d7b9e6-3cfd-42f4-adcd-6e53d58e3320/resourceGroups/iib-tf-aks-lab-rg/providers/Microsoft.KeyVault/vaults/iib-tf-aks-lab-kvt",
            "name": "b38674e1-e43b-467d-8306-c19094b31b8f",
            "not_before_date": null,
            "resource_id": "/subscriptions/06d7b9e6-3cfd-42f4-adcd-6e53d58e3320/resourceGroups/iib-tf-aks-lab-rg/providers/Microsoft.KeyVault/vaults/iib-tf-aks-lab-kvt/secrets/b38674e1-e43b-467d-8306-c19094b31b8f/versions/66690ea3700648d5bb4d33b3a1b07729",
            "resource_versionless_id": "/subscriptions/06d7b9e6-3cfd-42f4-adcd-6e53d58e3320/resourceGroups/iib-tf-aks-lab-rg/providers/Microsoft.KeyVault/vaults/iib-tf-aks-lab-kvt/secrets/b38674e1-e43b-467d-8306-c19094b31b8f",
            "tags": {},
            "timeouts": null,
            "value": "3HE8Q~rweJ3XhXpA9EhL7FwYJiJ5E-mDAf~vycKW",
            "version": "66690ea3700648d5bb4d33b3a1b07729",
            "versionless_id": "https://iib-tf-aks-lab-kvt.vault.azure.net/secrets/b38674e1-e43b-467d-8306-c19094b31b8f"
          },
          "sensitive_attributes": [
            [
              {
                "type": "get_attr",
                "value": "value"
              }
            ]
          ],
          "private": "eyJlMmJmYjczMC1lY2FhLTExZTYtOGY4OC0zNDM2M2JjN2M0YzAiOnsiY3JlYXRlIjoxODAwMDAwMDAwMDAwLCJkZWxldGUiOjE4MDAwMDAwMDAwMDAsInJlYWQiOjE4MDAwMDAwMDAwMDAsInVwZGF0ZSI6MTgwMDAwMDAwMDAwMH19",
          "dependencies": [
            "azurerm_resource_group.rg1",
            "module.key_vault.azurerm_key_vault.kvt",
            "module.key_vault.data.azurerm_client_config.current",
            "module.service_principal.azuread_application.spn",
            "module.service_principal.azuread_application_password.spn",
            "module.service_principal.azuread_service_principal.spn",
            "module.service_principal.azurerm_role_assignment.spn",
            "module.service_principal.data.azuread_client_config.current",
            "module.service_principal.data.azurerm_client_config.spn",
            "module.service_principal.data.azurerm_subscription.primary"
          ]
        }
      ]
    },
    {
      "mode": "managed",
      "type": "azurerm_resource_group",
      "name": "rg1",
      "provider": "provider[\"registry.terraform.io/hashicorp/azurerm\"]",
      "instances": [
        {
          "schema_version": 0,
          "attributes": {
            "id": "/subscriptions/06d7b9e6-3cfd-42f4-adcd-6e53d58e3320/resourceGroups/iib-tf-aks-lab-rg",
            "location": "uksouth",
            "managed_by": "",
            "name": "iib-tf-aks-lab-rg",
            "tags": {},
            "timeouts": null
          },
          "sensitive_attributes": [],
          "private": "eyJlMmJmYjczMC1lY2FhLTExZTYtOGY4OC0zNDM2M2JjN2M0YzAiOnsiY3JlYXRlIjo1NDAwMDAwMDAwMDAwLCJkZWxldGUiOjU0MDAwMDAwMDAwMDAsInJlYWQiOjMwMDAwMDAwMDAwMCwidXBkYXRlIjo1NDAwMDAwMDAwMDAwfX0="
        }
      ]
    },
    {
      "module": "module.AKS",
      "mode": "data",
      "type": "azurerm_kubernetes_service_versions",
      "name": "current",
      "provider": "provider[\"registry.terraform.io/hashicorp/azurerm\"]",
      "instances": [
        {
          "schema_version": 0,
          "attributes": {
            "id": "/subscriptions/06d7b9e6-3cfd-42f4-adcd-6e53d58e3320/providers/Microsoft.ContainerService/locations/uksouth",
            "include_preview": true,
            "latest_version": "1.29.2",
            "location": "uksouth",
            "timeouts": null,
            "version_prefix": null,
            "versions": [
              "1.29.2",
              "1.29.0",
              "1.28.5",
              "1.28.3",
              "1.27.9",
              "1.27.7"
            ]
          },
          "sensitive_attributes": []
        }
      ]
    },
    {
      "module": "module.AKS",
      "mode": "managed",
      "type": "azurerm_container_registry",
      "name": "acrlab",
      "provider": "provider[\"registry.terraform.io/hashicorp/azurerm\"]",
      "instances": [
        {
          "schema_version": 2,
          "attributes": {
            "admin_enabled": false,
            "admin_password": "",
            "admin_username": "",
            "anonymous_pull_enabled": false,
            "data_endpoint_enabled": false,
            "encryption": [
              {
                "enabled": false,
                "identity_client_id": "",
                "key_vault_key_id": ""
              }
            ],
            "export_policy_enabled": true,
            "georeplications": [],
            "id": "/subscriptions/06d7b9e6-3cfd-42f4-adcd-6e53d58e3320/resourceGroups/iib-tf-aks-lab-rg/providers/Microsoft.ContainerRegistry/registries/iibTfAksLabAcr",
            "identity": [],
            "location": "uksouth",
            "login_server": "iibtfakslabacr.azurecr.io",
            "name": "iibTfAksLabAcr",
            "network_rule_bypass_option": "AzureServices",
            "network_rule_set": [
              {
                "default_action": "Allow",
                "ip_rule": [],
                "virtual_network": []
              }
            ],
            "public_network_access_enabled": true,
            "quarantine_policy_enabled": false,
            "resource_group_name": "iib-tf-aks-lab-rg",
            "retention_policy": [
              {
                "days": 7,
                "enabled": false
              }
            ],
            "sku": "Premium",
            "tags": {},
            "timeouts": null,
            "trust_policy": [
              {
                "enabled": false
              }
            ],
            "zone_redundancy_enabled": false
          },
          "sensitive_attributes": [
            [
              {
                "type": "get_attr",
                "value": "admin_password"
              }
            ]
          ],
          "private": "eyJlMmJmYjczMC1lY2FhLTExZTYtOGY4OC0zNDM2M2JjN2M0YzAiOnsiY3JlYXRlIjoxODAwMDAwMDAwMDAwLCJkZWxldGUiOjE4MDAwMDAwMDAwMDAsInJlYWQiOjMwMDAwMDAwMDAwMCwidXBkYXRlIjoxODAwMDAwMDAwMDAwfSwic2NoZW1hX3ZlcnNpb24iOiIyIn0=",
          "dependencies": [
            "azurerm_resource_group.rg1",
            "module.service_principal.azuread_application.spn",
            "module.service_principal.azuread_application_password.spn",
            "module.service_principal.azuread_service_principal.spn",
            "module.service_principal.azurerm_role_assignment.spn",
            "module.service_principal.data.azuread_client_config.current",
            "module.service_principal.data.azurerm_client_config.spn",
            "module.service_principal.data.azurerm_subscription.primary"
          ]
        }
      ]
    },
    {
      "module": "module.AKS",
      "mode": "managed",
      "type": "azurerm_kubernetes_cluster",
      "name": "akslab",
      "provider": "provider[\"registry.terraform.io/hashicorp/azurerm\"]",
      "instances": [
        {
          "schema_version": 2,
          "attributes": {
            "aci_connector_linux": [],
            "api_server_access_profile": [],
            "api_server_authorized_ip_ranges": [],
            "auto_scaler_profile": [
              {
                "balance_similar_node_groups": false,
                "empty_bulk_delete_max": "10",
                "expander": "random",
                "max_graceful_termination_sec": "600",
                "max_node_provisioning_time": "15m",
                "max_unready_nodes": 3,
                "max_unready_percentage": 45,
                "new_pod_scale_up_delay": "0s",
                "scale_down_delay_after_add": "10m",
                "scale_down_delay_after_delete": "10s",
                "scale_down_delay_after_failure": "3m",
                "scale_down_unneeded": "10m",
                "scale_down_unready": "20m",
                "scale_down_utilization_threshold": "0.5",
                "scan_interval": "10s",
                "skip_nodes_with_local_storage": false,
                "skip_nodes_with_system_pods": true
              }
            ],
            "automatic_channel_upgrade": "",
            "azure_active_directory_role_based_access_control": [],
            "azure_policy_enabled": null,
            "confidential_computing": [],
            "current_kubernetes_version": "1.29.2",
            "custom_ca_trust_certificates_base64": [],
            "default_node_pool": [
              {
                "capacity_reservation_group_id": "",
                "custom_ca_trust_enabled": false,
                "enable_auto_scaling": true,
                "enable_host_encryption": false,
                "enable_node_public_ip": false,
                "fips_enabled": false,
                "gpu_instance": "",
                "host_group_id": "",
                "kubelet_config": [],
                "kubelet_disk_type": "OS",
                "linux_os_config": [],
                "max_count": 5,
                "max_pods": 30,
                "message_of_the_day": "",
                "min_count": 2,
                "name": "defaultpool",
                "node_count": 2,
                "node_labels": {
                  "environment": "lab",
                  "nodepool-type": "user",
                  "nodepoolos": "linux"
                },
                "node_network_profile": [],
                "node_public_ip_prefix_id": "",
                "node_taints": [],
                "only_critical_addons_enabled": false,
                "orchestrator_version": "1.29.2",
                "os_disk_size_gb": 30,
                "os_disk_type": "Managed",
                "os_sku": "Ubuntu",
                "pod_subnet_id": "",
                "proximity_placement_group_id": "",
                "scale_down_mode": "Delete",
                "snapshot_id": "",
                "tags": {
                  "environment": "lab",
                  "nodepool-type": "user",
                  "nodepoolos": "linux"
                },
                "temporary_name_for_rotation": "",
                "type": "VirtualMachineScaleSets",
                "ultra_ssd_enabled": false,
                "upgrade_settings": [
                  {
                    "max_surge": "10%"
                  }
                ],
                "vm_size": "Standard_DS2_v2",
                "vnet_subnet_id": "",
                "workload_runtime": "",
                "zones": [
                  "1",
                  "2",
                  "3"
                ]
              }
            ],
            "disk_encryption_set_id": "",
            "dns_prefix": "iib-tf-aks-lab-rg-cluster",
            "dns_prefix_private_cluster": "",
            "edge_zone": "",
            "enable_pod_security_policy": false,
            "fqdn": "iib-tf-aks-lab-rg-cluster-yvc418rq.hcp.uksouth.azmk8s.io",
            "http_application_routing_enabled": null,
            "http_application_routing_zone_name": null,
            "http_proxy_config": [],
            "id": "/subscriptions/06d7b9e6-3cfd-42f4-adcd-6e53d58e3320/resourceGroups/iib-tf-aks-lab-rg/providers/Microsoft.ContainerService/managedClusters/iib-tf-aks-lab-akscluster",
            "identity": [],
            "image_cleaner_enabled": false,
            "image_cleaner_interval_hours": 48,
            "ingress_application_gateway": [],
            "key_management_service": [],
            "key_vault_secrets_provider": [],
            "kube_admin_config": [],
            "kube_admin_config_raw": "",
            "kube_config": [
              {
                "client_certificate": "LS0tLS1CRUdJTiBDRVJUSUZJQ0FURS0tLS0tCk1JSUZIVENDQXdXZ0F3SUJBZ0lRQVBjNVh4U0FJTFl5dUVLbTZ0QkFNREFOQmdrcWhraUc5dzBCQVFzRkFEQU4KTVFzd0NRWURWUVFERXdKallUQWVGdzB5TkRBME1qRXlNVEU0TWpSYUZ3MHlOakEwTWpFeU1USTRNalJhTURBeApGekFWQmdOVkJBb1REbk41YzNSbGJUcHRZWE4wWlhKek1SVXdFd1lEVlFRREV3eHRZWE4wWlhKamJHbGxiblF3CmdnSWlNQTBHQ1NxR1NJYjNEUUVCQVFVQUE0SUNEd0F3Z2dJS0FvSUNBUURFcEk4cW9OTmtjalU1aGt3TDBNVisKU0ZQeXNWSGphK01wNFVUckg3RXJyZ3RueEtLb3p1NzZqQVZCdi94VkJhc2JVRHVSWjJsaXNPczEwRXRmQ2lESApIYzMzSS9NUS92YmM4Y3pjN0QzMFJlQnZvczB0Q0J5ZzNXdTlsVE9TV0x6d3lJdC9jVHpDclMzQm82S1kxMEgvCnZXOTJyK2Q2enlvcWpCTFY0SlZoK2hZbGtTNGNDTmpIa0pKU0F1eVY1bHpWTkpRN2xxemNEelJZTDVvWnBIR2kKcnhEd2F0cVI4akEya2RVZkJCbnE4aFFzS1JvbUlsUDdDcWd2WW9qSy9TTnNBN0RVRGJrQ0Fza2J0QjhrUmZtbgpGRUZneTZwU29GL0VZUHdmaDBvNmd2TnRQQVEyOVAzTGtOTk1jYWV2MjBEa2h0T1AvUUtqZG1KTTRiVExlaWxJCmlVeVdaNkw4Q3ZJWXplK3JlWnlITUJGaTBGbURWUFFod0RTWWJpaWZGbzVQWHBVZmxFZ2x1aVJJYzBIY0x6bDYKcXNySkp0Ri9iTnIxaEtvbk9rUmNqR1JOdEF2aTJxMFBYTHJXeEJhdUozVHJKMndZTlE5QzZXNTZ6NjBHU0szQwpES2hWd3NwZHh6L3ErTUhGbmVNeWpHU291TEkrcDVIL0Jqc01HVlpBT0piTEQwY1c2WFFLaFY0NFM3N2dHZytyCitsTjhJWlVUeEV4N3FxS2pmbXBOZGJsdm80b25GUGtXWHlUdllzL3hjdFFhaGo5WHJESzdQNW5zOTVubFZxY1oKL09zVmhKbG0xQjYzOHdMS2k5Q3dCSHBXVnAxZEduV3FFTXZiRlhDSUZhRzE4TFd1WFliM3M1bGc4MG1lRks5Rgp4RFc5RndsNFVsZXRuYUI0M2lRTXB3SURBUUFCbzFZd1ZEQU9CZ05WSFE4QkFmOEVCQU1DQmFBd0V3WURWUjBsCkJBd3dDZ1lJS3dZQkJRVUhBd0l3REFZRFZSMFRBUUgvQkFJd0FEQWZCZ05WSFNNRUdEQVdnQlN4TTgxNCtLYVIKUDFmL0tqVWVOdkdPbHorUG1UQU5CZ2txaGtpRzl3MEJBUXNGQUFPQ0FnRUFyTXVzVnNPaVcvYVNHVHBrQ2ZzZApMMXdXaWdZK1RFdDUyRis1R0NhaW8yQTcwTUVySnZmU0g4aldaZ2l4QUtvbWo2cjBqWHNhbnlzZ21wTTRLVWx0CkdtTUVma1NMZS9QbElNRTdLQ1g1SG15N1RSL1hmZTk1TmVZUW9zUW84M3JtYVZIS1J5d0V4WnFYSEFMS2sraXEKY3FRRi83dEJ3aW5tTmtNdTIxTzVBUStMc2dndE9nUkg1WitRcnlnWndZdk81N2crTGlxbG4ySU9hanlWc3JzYwpyUkxLWVV0Wk05RnU0MnVDOEUyZzVJRjBlM2lwMld4NVdEVERKM1VBbDJ0RHVlRExpT2U1Qjl6aVhlMFRLQ1BjCmlQMWtHdVhjaEo2RGxjU284OHlNOEdsS3pqR3ExUFY1RTArWVo4NVpXRTREMWJTejN6b3BnVGNSR08rYzRXcFYKWjYxTzJjSHduWHdJR3pDLzZqaFkybG5VOU1JdEZlMUJ4anMrQVpleXg1cm9WdGxzajlLTlBWQUZZcHFLTTBoUgpHcTNPcFZWTWRYcVV3Q1N1QlQ0K3FQTStZbmlOK2lhVkZpMTRNTXRNK0xYSVpTQzY3dGs3dkZkUGwxb3FsQ1FqCmdQQkMzOTZXcy9VZU04bW0raFI2ZlA4N245bGZGUUtUd1JDdURlL1V6VDFHVkhiRis2ZFNBK0oyTzN3b2hvZmoKclVCNHJJQktlUXNQN3dYZG8xcmNjNHBuNjduOFN2cklQV3hISnY1RGhYYWZVT2ttQW9UWVNhVmFSZGJGNkdhbQpDOGIrN284TFN4VVU0UVRBR3dPMXlIY2tFNjlwb1lidUhIN0pIRUdlc2NkNGRGTnQ4ZlZRUTNxbkdJUzZ5UUI0CmVjaUtlek1zVzdjODhnQ1ArdmpZUm1ZPQotLS0tLUVORCBDRVJUSUZJQ0FURS0tLS0tCg==",
                "client_key": "LS0tLS1CRUdJTiBSU0EgUFJJVkFURSBLRVktLS0tLQpNSUlKS0FJQkFBS0NBZ0VBeEtTUEtxRFRaSEkxT1laTUM5REZma2hUOHJGUjQydmpLZUZFNngreEs2NExaOFNpCnFNN3Urb3dGUWIvOFZRV3JHMUE3a1dkcFlyRHJOZEJMWHdvZ3h4M045eVB6RVA3MjNQSE0zT3c5OUVYZ2I2TE4KTFFnY29OMXJ2WlV6a2xpODhNaUxmM0U4d3EwdHdhT2ltTmRCLzcxdmRxL25lczhxS293UzFlQ1ZZZm9XSlpFdQpIQWpZeDVDU1VnTHNsZVpjMVRTVU81YXMzQTgwV0MrYUdhUnhvcThROEdyYWtmSXdOcEhWSHdRWjZ2SVVMQ2thCkppSlQrd3FvTDJLSXl2MGpiQU93MUEyNUFnTEpHN1FmSkVYNXB4UkJZTXVxVXFCZnhHRDhINGRLT29MemJUd0UKTnZUOXk1RFRUSEducjl0QTVJYlRqLzBDbzNaaVRPRzB5M29wU0lsTWxtZWkvQXJ5R00zdnEzbWNoekFSWXRCWgpnMVQwSWNBMG1HNG9ueGFPVDE2Vkg1UklKYm9rU0hOQjNDODVlcXJLeVNiUmYyemE5WVNxSnpwRVhJeGtUYlFMCjR0cXREMXk2MXNRV3JpZDA2eWRzR0RVUFF1bHVlcyt0QmtpdHdneW9WY0xLWGNjLzZ2akJ4WjNqTW94a3FMaXkKUHFlUi93WTdEQmxXUURpV3l3OUhGdWwwQ29WZU9FdSs0Qm9QcS9wVGZDR1ZFOFJNZTZxaW8zNXFUWFc1YjZPSwpKeFQ1Rmw4azcyTFA4WExVR29ZL1Y2d3l1eitaN1BlWjVWYW5HZnpyRllTWlp0UWV0L01DeW92UXNBUjZWbGFkClhScDFxaERMMnhWd2lCV2h0ZkMxcmwyRzk3T1pZUE5KbmhTdlJjUTF2UmNKZUZKWHJaMmdlTjRrREtjQ0F3RUEKQVFLQ0FnQmZLcGpTODVSNnh6NzFBUWFxclRYM0lML244Mk1ESWtLRkVTMk9jUDhJZWFteFpadW5BTWJ0WUhobQowcWdtNmFCZWpwelZpT3VheEs2QWs3YjJYdXR3RWYrTS9NdjB6TC9pTys5K2Q2S2dKblV3OGVSRVIrbTYvSTNZCjZXMVZCVGNqZkpydWFYb1RhVVo4c1ZuT2lGYTdrdzF2cmovajBvREFxSnV4QUlpckt5SXV1aTFMaWdpSHhITGIKMStoeHYxUHNKdzhhSzVpcXczejh0TVRxWmdoTXlGYjFVM0ZHTXFTY3RFVWxScEhZZjZHOW9ZS3pNK2ZhMWRTQgpZamw3cTdqSjNKdG1kT0cxbEcySng4bE9mOE1MMWlTeDJMOHNUOHNwT2hxcWs0b2IrU1lnRm15ZndEOVhsbFo4Clo0RFUvZEpSQnVNNml5TU13dzFkMGRueW84TjRLeWk5enlRYWVaOGVYcDJ3OGdsWVBoUlFydVVaYTMwaGNvM3oKWERIaXJob1k1eVRnRDNlKzlBTmtZekxaZzdWdTRzVE9ZR253b2h6KzJJanV2YmY3bXBYZFBDQW9JekxGbGRzKworUmhPbDZ0eGJSTC90VDY1ZW1ZMVMvVVQrUjhpQm5LVDgyaXZIRkR6OE1PekVHVG9LT1JWRllrU3cxWFJuNUtRCksvSllaNk5sdWU1YTZDcmd6RVZyR3BHTHByeVQvM3BBclA0aDdXY0hGSGpBTDZvQTBtckJ6WGV5T29iYm1IK3gKTGRTd3Zyam90RHNDNXVuWVJYZnZmYVRCK24ranNRdk55akRUTmZMTXNwaUdMSjgyamlsM1BlamVKSXptcGFaYQpSYm9oQk5BYlFBdE55MVF5eXF4TlVKNytESmQ2Z0k0NXVoM08xS2tqSFNYVU85RTFrUUtDQVFFQTIySytLZ0twCjdhUVI1Sm5VSjJXTWFub1g5RVdvWUxQTlJnaXNQdlZBRWZITWsvQzhoaXQ0dzloNnJwbjdEMDFKcFFiNnpENysKTUFpRk5mOVRVS3hOY0Rzenc4TzdTaVdnbitBM2tERkdQS1c5VHQ4T2wyd0NHN1ZzTkFjOEdkQ3IvclAvTkE1OQpMM1lHWU5wQlZkVElSVm10aTd2NjBzSUo3cS8xQjRJQS8vdGVqT1ZHVm10WmdKVGNmeGZaUUIxUWl1RHFaL0JpCjBPbmpMazIwM2xpYjNkUXU4OENNdFQyaERTcTlEc0ZPVHJnZFd4QXMyVk81cWxIVDJmdWJNeU1JY01PN25wemwKYmVjWWozNWZFNUdaRWozN2l2Y1Y5c2duYm5OZEN0TUU4WGZ6d3ZxL3Y0VTBPM0N6bGFTWE44MVhsczZFMm95aApuZHcwSDdTaE9sTzIyUUtDQVFFQTVYWWdKRHdCTVduMFBJYk1MVURweHpWMkRFWUdRcWtLWUYwNUtQT1JZaTlICjVweDd3RE5XTUVsRUlWWm93RzQzZGp2bUkyMFJ3MmhBZndobHB2Tm9oenRSNDdZb1E0K2loTVJ2WG5SSnZROTMKaEcxMHZMZVVRS3VCOW56c3lKRHFVOEE1M3ptREltZngxUzFYK0FWT1lGbk1Zd3dLQlZFUE9WUWdSbVRSbG5KVQpXMm10ZGFuM1RaYXpGMjIxeWNjakZxMHNudjVBZk9PNXpPQ2dWRnVuNjZHbElBZzlTUEFmZ0o2WTJ0bXRJVTJrCkFNVjgxRjNLT2lFK0tKNGJaVElnV0VoMEJvWnpRSUg0a1BVVS9lT2x4Q3dXYTNoVnpUdWhLL3lvSkNJOWVEV2IKVm9LcTlUR3FqZForbDc5KzJ2Y2lGWW5QczNpOUpiRVlOcHBkNHM2dmZ3S0NBUUVBeGZWVG9wVEV3S3BMZXZ0VApkRGt0ZXVhd3Ryb2tOUjRKSENpM1JCZ0l1Q2gzY1FiSkZrZ2pzSlNtSHViU28vd1pkOC9VZm5oWTVQN0xOTzR2ClA1dzZSQXNucW4zemdmUngrOUZXVWNZa21wVHpQVGdJOHBtRFRYMW5KWXRocittYlNUa2lEdGNFSHM5ZzhnUCsKOEhRUVFvT3BGVzJKNXFNd1V6Qnk2Vk5sazVZK3V1UW5rOU5KNzd4ak9rdEt2WSsySFpyVjZQUUFOb0xWZS9LaQpRZit5cFhmUTVpSFkxYkhHb1JydmZXRHdTQmZhWlZFekp1ZGxvVW8wMzMwcGpmc09vckg3bWlQNDRqS2s5dFlRCjlKZHNpQWxsOFA4RDBxckk2ZUV2RTVWVjRJMWNaNVBiY2ZYQUsrS0dLWUZhOGY5WUNieFFKT1RBOExEQ1Y5bWwKb2Z2b0FRS0NBUUFadUYzdDhkUG9hQW42WnRtb0VPaWpiYmluczRtc0d5cVFscUo3bHFHck1jV0xjZXJsSmx2NAoyWjJMWnhZaXk3Zm54dHNMQ1lTK05JZFdOZWkvQi9XbGd0NncrWkFWMHBuUzYvblh5bzBoWmdSdGtaOU9MLzJzCktnMU5SYjk4MDlHUVJiRzI5Y2xmSit1Umk1MmFyVzJWbXpzdnR2L0FqTTk2QzVYNmpmNTRNS1NJQXBadzQvWlcKZWhmay9tVXNFdWc1K0h0Ujd3bm5kZGN6d2RIMjRyYzEwRTZrQW9oc0RvNVphbTJUeW1aL255Wk05OVlBTCtzbApET2pjd0t3dGNhcnllbHlYQnFjUWlnRUVycFFGeVdpaFRwZk13QlpPQk9zUjlTWWJ0c0xSSUtFaTEwNjJZVFRPCjVVWVhXRjJ0eVpuR2RFWVZ4ZWpkdXJZT0dNdUJTczJkQW9JQkFDaW5BR1pGY1lzVkdOeFlUVGxmbDZNRHkvUS8KLzRyMnB4cnYwTW4wN0xOZ2hydFArNHN2dng2blVJQlJMdnBVMFI0ODJjMnFNYytsMys1empKcnhmQjBTcklCWgorTWZSSmp6Rmx3aCtjQjFLaW5NelNJV01jME5wV1ZOT0Z4ajkwWjNjc1hFWVJLQzlLSVFYMWc4Y041SlNJdXBOCklBeW9oa1kxUUhqUFp5SkpTdzh6L1FUa2JQbGtlMmdjT1JKMVNkSHVIZlNFUGI2eU9xSXJ2RlcvOUZ0REhvZTkKKzAwVmdlUjlCM3N4UE5LaGt4TmEwa25WZzN6UDJVRDJVWWkrS3o3Q0xFQTZsSnRIMGl0cFg2L2hYM3NDb2Rxcwpob1JRTCs4ZEhvSURXQlRkQnJCQ1Q4Y3hFUHUzcVhtbGNzemZwRkFhWElRb01hZ3NoNWNsKzVCWW90dz0KLS0tLS1FTkQgUlNBIFBSSVZBVEUgS0VZLS0tLS0K",
                "cluster_ca_certificate": "LS0tLS1CRUdJTiBDRVJUSUZJQ0FURS0tLS0tCk1JSUU2VENDQXRHZ0F3SUJBZ0lSQUw3SU9VSy96emozSUNKdnVSNnV5OUV3RFFZSktvWklodmNOQVFFTEJRQXcKRFRFTE1Ba0dBMVVFQXhNQ1kyRXdJQmNOTWpRd05ESXhNakV4T0RJMFdoZ1BNakExTkRBME1qRXlNVEk0TWpSYQpNQTB4Q3pBSkJnTlZCQU1UQW1OaE1JSUNJakFOQmdrcWhraUc5dzBCQVFFRkFBT0NBZzhBTUlJQ0NnS0NBZ0VBCnYzN2F6SUM2THVLS2U0Z0lBYUdrdTZRRzR5WTJ2NFFSYWpBTjY1ZTFwSUIzRTkyK1NwMGpIWlcvZVhBa1FBRisKSUlvbEVDNUllVHhjR1BueXNiM1V4UzduZkhxUVhFNjYrOTFBeWxsc3YzTFZwMzZOR0Y5MWpoWDgyZE16K0FONwpIZEpKMkJpVjNDR05mM1JvZXlDN0J3UGE2bHBMOVpsRkV5bWNpYldKZjdSRTFrYTFXZkhJaDZUMk5nbjdGN0VnCnU3UVg2UGRzV1lHazgxYW1Ud21wRjBvNGRqVFU2Y0xkSVVtbjd6dkJmbjhaTjdNNlRWWlZ0T0RLSmtjRnNOdysKbnc2TitwZ094SlRRbzRmdWZBZUpEd1ZoUklkSGN2bHZMeU9UTHF0czIvK3dvdE5ydFp2ZWtPamNLWlJvazY2YgpUMmhhbDMybjlDT3UrRlp6RUtDeE1xR2J1ay9yZVhxRE5WTEt3WHBhSVBabHVLYkEvVm05SjhFOXM0eVhLVHFZCnFSMXlEMzU3a2FTYmhWU3ZubDdlYlhiMEU1NG1LWFVVZHZNQmJpdlRsbVBZWWlOYWE2dG9zbXJWZVBVczhHSDQKUVI2UG53a1BEMTJzSHFtb0NLdFBMcEJLWFlTclVXNUloTmtiNDV1NzN3UThMMmhkeVRZbUdvZ1BNQmY5YnVZcgo3WXl3VWtYclMyM0plKzI2MXpobTFQcU1wWlFndTRCdEFrRXdvZVFaKzYvNjlxTVgwa05kQUQ0MitXK0tKenJOClZwbjBXZWJXODFGSG1Mb0V2OUJvZWRDTGo4TWVISmJDbGV5TWw3VkY2bWV6Qm1CdWJEVHBvclFFd3MvMlFNVWEKZUtyUjRnQ0owcnlrOXZJRmhxQisrcll3dExUbEJHdTRldDN2UHNyVU11RUNBd0VBQWFOQ01FQXdEZ1lEVlIwUApBUUgvQkFRREFnS2tNQThHQTFVZEV3RUIvd1FGTUFNQkFmOHdIUVlEVlIwT0JCWUVGTEV6elhqNHBwRS9WLzhxCk5SNDI4WTZYUDQrWk1BMEdDU3FHU0liM0RRRUJDd1VBQTRJQ0FRQ2I4aTJob0l4MUdqYmhyNkthVnhXQ0haUE0KZE9IZU5DTTUxdlJEN1ZpVG9wekRqK0xiWVlCaWF5Ymt1RHM1My9YWDBIVnQ4eWNGR3FnNHRxeG0yYllqTks5cAptTGhSUWxDMThYTW56aUE1TkJZcW0rTklJcFByNEZ5WWpaSmZqNlFWS1BXVHA2bE5DR1dFcGRPZGRRZDA4S1pGCitsV3pFRHhtQWEzQ2J0RytPSXlVTFB2RjVHUTlraEp4TThWNStabHlnK2crdHhRdXdpOXB5ZlI4NmhHVlViN1oKR2k4UjFmK0NiNWZlQWVQMTJOUlk4STZkdzc3Q1ZnNVQyRGNmVjZrZjA5dTVJaTVWaDBYd0FTU0VEMU5QVGtmbQpBZUdwUjFGSjUyNUgvQXRwUnlxVHlWczdtNnk5TnZsRXJqRHZYd1N0RUNVVDI5MXZjT1ZON04xcjRuNjVzWnRpCjJrak5Yb1VnR21jOEFEbHR0K1lTVnV4OUtOaUhnUlByZVpyZGx6MHNkazRHVkRITVFIYVRpSnJEUDBsNFhoMVQKRVFmODdlQXkvN2Z3NWErS09rdG02azRuZjFVZS9UQmFrNTI4YXJHSUlJbVYvSVlWcEo3WTB0b25VNjRhT1FHNwprb1JES0lxeU1xNEJtR3lGNlhoc2Zsd3BWQkdFMm01cDZIRVdFTW92UnppNVNqbUhiUVRLSXZFL1B3T1RNeW1KClVUVUNsVGlZT04zaWs0V3V1dXNGMUhDb2s0Tnc3dmtEenF3MUgwRk9Kay90ZndKQ1BSc0hpQ3hsbWJzeER4Ny8KNm5OMUdhZ01tdnFWcndBSE9qelMxbG9EVHJhS25vdWpHSmt5clNJbXV4VDdOcmZWTWxsU3dKak5jSnd0VVVyLwo0ZjZuTU40RW00UkZFbk5nN0E9PQotLS0tLUVORCBDRVJUSUZJQ0FURS0tLS0tCg==",
                "host": "https://iib-tf-aks-lab-rg-cluster-yvc418rq.hcp.uksouth.azmk8s.io:443",
                "password": "2ekllqkswwep6vswmghsj6cy17bss6twz4muwrqyem7j33io29j6tvaa5nm85tgdcn3qoxynx4awr49k36q50i0npf1u8ol2lsfi6jv5e6zdjdhr5us3dju2wrsagua9",
                "username": "clusterUser_iib-tf-aks-lab-rg_iib-tf-aks-lab-akscluster"
              }
            ],
            "kube_config_raw": "apiVersion: v1\nclusters:\n- cluster:\n    certificate-authority-data: LS0tLS1CRUdJTiBDRVJUSUZJQ0FURS0tLS0tCk1JSUU2VENDQXRHZ0F3SUJBZ0lSQUw3SU9VSy96emozSUNKdnVSNnV5OUV3RFFZSktvWklodmNOQVFFTEJRQXcKRFRFTE1Ba0dBMVVFQXhNQ1kyRXdJQmNOTWpRd05ESXhNakV4T0RJMFdoZ1BNakExTkRBME1qRXlNVEk0TWpSYQpNQTB4Q3pBSkJnTlZCQU1UQW1OaE1JSUNJakFOQmdrcWhraUc5dzBCQVFFRkFBT0NBZzhBTUlJQ0NnS0NBZ0VBCnYzN2F6SUM2THVLS2U0Z0lBYUdrdTZRRzR5WTJ2NFFSYWpBTjY1ZTFwSUIzRTkyK1NwMGpIWlcvZVhBa1FBRisKSUlvbEVDNUllVHhjR1BueXNiM1V4UzduZkhxUVhFNjYrOTFBeWxsc3YzTFZwMzZOR0Y5MWpoWDgyZE16K0FONwpIZEpKMkJpVjNDR05mM1JvZXlDN0J3UGE2bHBMOVpsRkV5bWNpYldKZjdSRTFrYTFXZkhJaDZUMk5nbjdGN0VnCnU3UVg2UGRzV1lHazgxYW1Ud21wRjBvNGRqVFU2Y0xkSVVtbjd6dkJmbjhaTjdNNlRWWlZ0T0RLSmtjRnNOdysKbnc2TitwZ094SlRRbzRmdWZBZUpEd1ZoUklkSGN2bHZMeU9UTHF0czIvK3dvdE5ydFp2ZWtPamNLWlJvazY2YgpUMmhhbDMybjlDT3UrRlp6RUtDeE1xR2J1ay9yZVhxRE5WTEt3WHBhSVBabHVLYkEvVm05SjhFOXM0eVhLVHFZCnFSMXlEMzU3a2FTYmhWU3ZubDdlYlhiMEU1NG1LWFVVZHZNQmJpdlRsbVBZWWlOYWE2dG9zbXJWZVBVczhHSDQKUVI2UG53a1BEMTJzSHFtb0NLdFBMcEJLWFlTclVXNUloTmtiNDV1NzN3UThMMmhkeVRZbUdvZ1BNQmY5YnVZcgo3WXl3VWtYclMyM0plKzI2MXpobTFQcU1wWlFndTRCdEFrRXdvZVFaKzYvNjlxTVgwa05kQUQ0MitXK0tKenJOClZwbjBXZWJXODFGSG1Mb0V2OUJvZWRDTGo4TWVISmJDbGV5TWw3VkY2bWV6Qm1CdWJEVHBvclFFd3MvMlFNVWEKZUtyUjRnQ0owcnlrOXZJRmhxQisrcll3dExUbEJHdTRldDN2UHNyVU11RUNBd0VBQWFOQ01FQXdEZ1lEVlIwUApBUUgvQkFRREFnS2tNQThHQTFVZEV3RUIvd1FGTUFNQkFmOHdIUVlEVlIwT0JCWUVGTEV6elhqNHBwRS9WLzhxCk5SNDI4WTZYUDQrWk1BMEdDU3FHU0liM0RRRUJDd1VBQTRJQ0FRQ2I4aTJob0l4MUdqYmhyNkthVnhXQ0haUE0KZE9IZU5DTTUxdlJEN1ZpVG9wekRqK0xiWVlCaWF5Ymt1RHM1My9YWDBIVnQ4eWNGR3FnNHRxeG0yYllqTks5cAptTGhSUWxDMThYTW56aUE1TkJZcW0rTklJcFByNEZ5WWpaSmZqNlFWS1BXVHA2bE5DR1dFcGRPZGRRZDA4S1pGCitsV3pFRHhtQWEzQ2J0RytPSXlVTFB2RjVHUTlraEp4TThWNStabHlnK2crdHhRdXdpOXB5ZlI4NmhHVlViN1oKR2k4UjFmK0NiNWZlQWVQMTJOUlk4STZkdzc3Q1ZnNVQyRGNmVjZrZjA5dTVJaTVWaDBYd0FTU0VEMU5QVGtmbQpBZUdwUjFGSjUyNUgvQXRwUnlxVHlWczdtNnk5TnZsRXJqRHZYd1N0RUNVVDI5MXZjT1ZON04xcjRuNjVzWnRpCjJrak5Yb1VnR21jOEFEbHR0K1lTVnV4OUtOaUhnUlByZVpyZGx6MHNkazRHVkRITVFIYVRpSnJEUDBsNFhoMVQKRVFmODdlQXkvN2Z3NWErS09rdG02azRuZjFVZS9UQmFrNTI4YXJHSUlJbVYvSVlWcEo3WTB0b25VNjRhT1FHNwprb1JES0lxeU1xNEJtR3lGNlhoc2Zsd3BWQkdFMm01cDZIRVdFTW92UnppNVNqbUhiUVRLSXZFL1B3T1RNeW1KClVUVUNsVGlZT04zaWs0V3V1dXNGMUhDb2s0Tnc3dmtEenF3MUgwRk9Kay90ZndKQ1BSc0hpQ3hsbWJzeER4Ny8KNm5OMUdhZ01tdnFWcndBSE9qelMxbG9EVHJhS25vdWpHSmt5clNJbXV4VDdOcmZWTWxsU3dKak5jSnd0VVVyLwo0ZjZuTU40RW00UkZFbk5nN0E9PQotLS0tLUVORCBDRVJUSUZJQ0FURS0tLS0tCg==\n    server: https://iib-tf-aks-lab-rg-cluster-yvc418rq.hcp.uksouth.azmk8s.io:443\n  name: iib-tf-aks-lab-akscluster\ncontexts:\n- context:\n    cluster: iib-tf-aks-lab-akscluster\n    user: clusterUser_iib-tf-aks-lab-rg_iib-tf-aks-lab-akscluster\n  name: iib-tf-aks-lab-akscluster\ncurrent-context: iib-tf-aks-lab-akscluster\nkind: Config\npreferences: {}\nusers:\n- name: clusterUser_iib-tf-aks-lab-rg_iib-tf-aks-lab-akscluster\n  user:\n    client-certificate-data: LS0tLS1CRUdJTiBDRVJUSUZJQ0FURS0tLS0tCk1JSUZIVENDQXdXZ0F3SUJBZ0lRQVBjNVh4U0FJTFl5dUVLbTZ0QkFNREFOQmdrcWhraUc5dzBCQVFzRkFEQU4KTVFzd0NRWURWUVFERXdKallUQWVGdzB5TkRBME1qRXlNVEU0TWpSYUZ3MHlOakEwTWpFeU1USTRNalJhTURBeApGekFWQmdOVkJBb1REbk41YzNSbGJUcHRZWE4wWlhKek1SVXdFd1lEVlFRREV3eHRZWE4wWlhKamJHbGxiblF3CmdnSWlNQTBHQ1NxR1NJYjNEUUVCQVFVQUE0SUNEd0F3Z2dJS0FvSUNBUURFcEk4cW9OTmtjalU1aGt3TDBNVisKU0ZQeXNWSGphK01wNFVUckg3RXJyZ3RueEtLb3p1NzZqQVZCdi94VkJhc2JVRHVSWjJsaXNPczEwRXRmQ2lESApIYzMzSS9NUS92YmM4Y3pjN0QzMFJlQnZvczB0Q0J5ZzNXdTlsVE9TV0x6d3lJdC9jVHpDclMzQm82S1kxMEgvCnZXOTJyK2Q2enlvcWpCTFY0SlZoK2hZbGtTNGNDTmpIa0pKU0F1eVY1bHpWTkpRN2xxemNEelJZTDVvWnBIR2kKcnhEd2F0cVI4akEya2RVZkJCbnE4aFFzS1JvbUlsUDdDcWd2WW9qSy9TTnNBN0RVRGJrQ0Fza2J0QjhrUmZtbgpGRUZneTZwU29GL0VZUHdmaDBvNmd2TnRQQVEyOVAzTGtOTk1jYWV2MjBEa2h0T1AvUUtqZG1KTTRiVExlaWxJCmlVeVdaNkw4Q3ZJWXplK3JlWnlITUJGaTBGbURWUFFod0RTWWJpaWZGbzVQWHBVZmxFZ2x1aVJJYzBIY0x6bDYKcXNySkp0Ri9iTnIxaEtvbk9rUmNqR1JOdEF2aTJxMFBYTHJXeEJhdUozVHJKMndZTlE5QzZXNTZ6NjBHU0szQwpES2hWd3NwZHh6L3ErTUhGbmVNeWpHU291TEkrcDVIL0Jqc01HVlpBT0piTEQwY1c2WFFLaFY0NFM3N2dHZytyCitsTjhJWlVUeEV4N3FxS2pmbXBOZGJsdm80b25GUGtXWHlUdllzL3hjdFFhaGo5WHJESzdQNW5zOTVubFZxY1oKL09zVmhKbG0xQjYzOHdMS2k5Q3dCSHBXVnAxZEduV3FFTXZiRlhDSUZhRzE4TFd1WFliM3M1bGc4MG1lRks5Rgp4RFc5RndsNFVsZXRuYUI0M2lRTXB3SURBUUFCbzFZd1ZEQU9CZ05WSFE4QkFmOEVCQU1DQmFBd0V3WURWUjBsCkJBd3dDZ1lJS3dZQkJRVUhBd0l3REFZRFZSMFRBUUgvQkFJd0FEQWZCZ05WSFNNRUdEQVdnQlN4TTgxNCtLYVIKUDFmL0tqVWVOdkdPbHorUG1UQU5CZ2txaGtpRzl3MEJBUXNGQUFPQ0FnRUFyTXVzVnNPaVcvYVNHVHBrQ2ZzZApMMXdXaWdZK1RFdDUyRis1R0NhaW8yQTcwTUVySnZmU0g4aldaZ2l4QUtvbWo2cjBqWHNhbnlzZ21wTTRLVWx0CkdtTUVma1NMZS9QbElNRTdLQ1g1SG15N1RSL1hmZTk1TmVZUW9zUW84M3JtYVZIS1J5d0V4WnFYSEFMS2sraXEKY3FRRi83dEJ3aW5tTmtNdTIxTzVBUStMc2dndE9nUkg1WitRcnlnWndZdk81N2crTGlxbG4ySU9hanlWc3JzYwpyUkxLWVV0Wk05RnU0MnVDOEUyZzVJRjBlM2lwMld4NVdEVERKM1VBbDJ0RHVlRExpT2U1Qjl6aVhlMFRLQ1BjCmlQMWtHdVhjaEo2RGxjU284OHlNOEdsS3pqR3ExUFY1RTArWVo4NVpXRTREMWJTejN6b3BnVGNSR08rYzRXcFYKWjYxTzJjSHduWHdJR3pDLzZqaFkybG5VOU1JdEZlMUJ4anMrQVpleXg1cm9WdGxzajlLTlBWQUZZcHFLTTBoUgpHcTNPcFZWTWRYcVV3Q1N1QlQ0K3FQTStZbmlOK2lhVkZpMTRNTXRNK0xYSVpTQzY3dGs3dkZkUGwxb3FsQ1FqCmdQQkMzOTZXcy9VZU04bW0raFI2ZlA4N245bGZGUUtUd1JDdURlL1V6VDFHVkhiRis2ZFNBK0oyTzN3b2hvZmoKclVCNHJJQktlUXNQN3dYZG8xcmNjNHBuNjduOFN2cklQV3hISnY1RGhYYWZVT2ttQW9UWVNhVmFSZGJGNkdhbQpDOGIrN284TFN4VVU0UVRBR3dPMXlIY2tFNjlwb1lidUhIN0pIRUdlc2NkNGRGTnQ4ZlZRUTNxbkdJUzZ5UUI0CmVjaUtlek1zVzdjODhnQ1ArdmpZUm1ZPQotLS0tLUVORCBDRVJUSUZJQ0FURS0tLS0tCg==\n    client-key-data: LS0tLS1CRUdJTiBSU0EgUFJJVkFURSBLRVktLS0tLQpNSUlKS0FJQkFBS0NBZ0VBeEtTUEtxRFRaSEkxT1laTUM5REZma2hUOHJGUjQydmpLZUZFNngreEs2NExaOFNpCnFNN3Urb3dGUWIvOFZRV3JHMUE3a1dkcFlyRHJOZEJMWHdvZ3h4M045eVB6RVA3MjNQSE0zT3c5OUVYZ2I2TE4KTFFnY29OMXJ2WlV6a2xpODhNaUxmM0U4d3EwdHdhT2ltTmRCLzcxdmRxL25lczhxS293UzFlQ1ZZZm9XSlpFdQpIQWpZeDVDU1VnTHNsZVpjMVRTVU81YXMzQTgwV0MrYUdhUnhvcThROEdyYWtmSXdOcEhWSHdRWjZ2SVVMQ2thCkppSlQrd3FvTDJLSXl2MGpiQU93MUEyNUFnTEpHN1FmSkVYNXB4UkJZTXVxVXFCZnhHRDhINGRLT29MemJUd0UKTnZUOXk1RFRUSEducjl0QTVJYlRqLzBDbzNaaVRPRzB5M29wU0lsTWxtZWkvQXJ5R00zdnEzbWNoekFSWXRCWgpnMVQwSWNBMG1HNG9ueGFPVDE2Vkg1UklKYm9rU0hOQjNDODVlcXJLeVNiUmYyemE5WVNxSnpwRVhJeGtUYlFMCjR0cXREMXk2MXNRV3JpZDA2eWRzR0RVUFF1bHVlcyt0QmtpdHdneW9WY0xLWGNjLzZ2akJ4WjNqTW94a3FMaXkKUHFlUi93WTdEQmxXUURpV3l3OUhGdWwwQ29WZU9FdSs0Qm9QcS9wVGZDR1ZFOFJNZTZxaW8zNXFUWFc1YjZPSwpKeFQ1Rmw4azcyTFA4WExVR29ZL1Y2d3l1eitaN1BlWjVWYW5HZnpyRllTWlp0UWV0L01DeW92UXNBUjZWbGFkClhScDFxaERMMnhWd2lCV2h0ZkMxcmwyRzk3T1pZUE5KbmhTdlJjUTF2UmNKZUZKWHJaMmdlTjRrREtjQ0F3RUEKQVFLQ0FnQmZLcGpTODVSNnh6NzFBUWFxclRYM0lML244Mk1ESWtLRkVTMk9jUDhJZWFteFpadW5BTWJ0WUhobQowcWdtNmFCZWpwelZpT3VheEs2QWs3YjJYdXR3RWYrTS9NdjB6TC9pTys5K2Q2S2dKblV3OGVSRVIrbTYvSTNZCjZXMVZCVGNqZkpydWFYb1RhVVo4c1ZuT2lGYTdrdzF2cmovajBvREFxSnV4QUlpckt5SXV1aTFMaWdpSHhITGIKMStoeHYxUHNKdzhhSzVpcXczejh0TVRxWmdoTXlGYjFVM0ZHTXFTY3RFVWxScEhZZjZHOW9ZS3pNK2ZhMWRTQgpZamw3cTdqSjNKdG1kT0cxbEcySng4bE9mOE1MMWlTeDJMOHNUOHNwT2hxcWs0b2IrU1lnRm15ZndEOVhsbFo4Clo0RFUvZEpSQnVNNml5TU13dzFkMGRueW84TjRLeWk5enlRYWVaOGVYcDJ3OGdsWVBoUlFydVVaYTMwaGNvM3oKWERIaXJob1k1eVRnRDNlKzlBTmtZekxaZzdWdTRzVE9ZR253b2h6KzJJanV2YmY3bXBYZFBDQW9JekxGbGRzKworUmhPbDZ0eGJSTC90VDY1ZW1ZMVMvVVQrUjhpQm5LVDgyaXZIRkR6OE1PekVHVG9LT1JWRllrU3cxWFJuNUtRCksvSllaNk5sdWU1YTZDcmd6RVZyR3BHTHByeVQvM3BBclA0aDdXY0hGSGpBTDZvQTBtckJ6WGV5T29iYm1IK3gKTGRTd3Zyam90RHNDNXVuWVJYZnZmYVRCK24ranNRdk55akRUTmZMTXNwaUdMSjgyamlsM1BlamVKSXptcGFaYQpSYm9oQk5BYlFBdE55MVF5eXF4TlVKNytESmQ2Z0k0NXVoM08xS2tqSFNYVU85RTFrUUtDQVFFQTIySytLZ0twCjdhUVI1Sm5VSjJXTWFub1g5RVdvWUxQTlJnaXNQdlZBRWZITWsvQzhoaXQ0dzloNnJwbjdEMDFKcFFiNnpENysKTUFpRk5mOVRVS3hOY0Rzenc4TzdTaVdnbitBM2tERkdQS1c5VHQ4T2wyd0NHN1ZzTkFjOEdkQ3IvclAvTkE1OQpMM1lHWU5wQlZkVElSVm10aTd2NjBzSUo3cS8xQjRJQS8vdGVqT1ZHVm10WmdKVGNmeGZaUUIxUWl1RHFaL0JpCjBPbmpMazIwM2xpYjNkUXU4OENNdFQyaERTcTlEc0ZPVHJnZFd4QXMyVk81cWxIVDJmdWJNeU1JY01PN25wemwKYmVjWWozNWZFNUdaRWozN2l2Y1Y5c2duYm5OZEN0TUU4WGZ6d3ZxL3Y0VTBPM0N6bGFTWE44MVhsczZFMm95aApuZHcwSDdTaE9sTzIyUUtDQVFFQTVYWWdKRHdCTVduMFBJYk1MVURweHpWMkRFWUdRcWtLWUYwNUtQT1JZaTlICjVweDd3RE5XTUVsRUlWWm93RzQzZGp2bUkyMFJ3MmhBZndobHB2Tm9oenRSNDdZb1E0K2loTVJ2WG5SSnZROTMKaEcxMHZMZVVRS3VCOW56c3lKRHFVOEE1M3ptREltZngxUzFYK0FWT1lGbk1Zd3dLQlZFUE9WUWdSbVRSbG5KVQpXMm10ZGFuM1RaYXpGMjIxeWNjakZxMHNudjVBZk9PNXpPQ2dWRnVuNjZHbElBZzlTUEFmZ0o2WTJ0bXRJVTJrCkFNVjgxRjNLT2lFK0tKNGJaVElnV0VoMEJvWnpRSUg0a1BVVS9lT2x4Q3dXYTNoVnpUdWhLL3lvSkNJOWVEV2IKVm9LcTlUR3FqZForbDc5KzJ2Y2lGWW5QczNpOUpiRVlOcHBkNHM2dmZ3S0NBUUVBeGZWVG9wVEV3S3BMZXZ0VApkRGt0ZXVhd3Ryb2tOUjRKSENpM1JCZ0l1Q2gzY1FiSkZrZ2pzSlNtSHViU28vd1pkOC9VZm5oWTVQN0xOTzR2ClA1dzZSQXNucW4zemdmUngrOUZXVWNZa21wVHpQVGdJOHBtRFRYMW5KWXRocittYlNUa2lEdGNFSHM5ZzhnUCsKOEhRUVFvT3BGVzJKNXFNd1V6Qnk2Vk5sazVZK3V1UW5rOU5KNzd4ak9rdEt2WSsySFpyVjZQUUFOb0xWZS9LaQpRZit5cFhmUTVpSFkxYkhHb1JydmZXRHdTQmZhWlZFekp1ZGxvVW8wMzMwcGpmc09vckg3bWlQNDRqS2s5dFlRCjlKZHNpQWxsOFA4RDBxckk2ZUV2RTVWVjRJMWNaNVBiY2ZYQUsrS0dLWUZhOGY5WUNieFFKT1RBOExEQ1Y5bWwKb2Z2b0FRS0NBUUFadUYzdDhkUG9hQW42WnRtb0VPaWpiYmluczRtc0d5cVFscUo3bHFHck1jV0xjZXJsSmx2NAoyWjJMWnhZaXk3Zm54dHNMQ1lTK05JZFdOZWkvQi9XbGd0NncrWkFWMHBuUzYvblh5bzBoWmdSdGtaOU9MLzJzCktnMU5SYjk4MDlHUVJiRzI5Y2xmSit1Umk1MmFyVzJWbXpzdnR2L0FqTTk2QzVYNmpmNTRNS1NJQXBadzQvWlcKZWhmay9tVXNFdWc1K0h0Ujd3bm5kZGN6d2RIMjRyYzEwRTZrQW9oc0RvNVphbTJUeW1aL255Wk05OVlBTCtzbApET2pjd0t3dGNhcnllbHlYQnFjUWlnRUVycFFGeVdpaFRwZk13QlpPQk9zUjlTWWJ0c0xSSUtFaTEwNjJZVFRPCjVVWVhXRjJ0eVpuR2RFWVZ4ZWpkdXJZT0dNdUJTczJkQW9JQkFDaW5BR1pGY1lzVkdOeFlUVGxmbDZNRHkvUS8KLzRyMnB4cnYwTW4wN0xOZ2hydFArNHN2dng2blVJQlJMdnBVMFI0ODJjMnFNYytsMys1empKcnhmQjBTcklCWgorTWZSSmp6Rmx3aCtjQjFLaW5NelNJV01jME5wV1ZOT0Z4ajkwWjNjc1hFWVJLQzlLSVFYMWc4Y041SlNJdXBOCklBeW9oa1kxUUhqUFp5SkpTdzh6L1FUa2JQbGtlMmdjT1JKMVNkSHVIZlNFUGI2eU9xSXJ2RlcvOUZ0REhvZTkKKzAwVmdlUjlCM3N4UE5LaGt4TmEwa25WZzN6UDJVRDJVWWkrS3o3Q0xFQTZsSnRIMGl0cFg2L2hYM3NDb2Rxcwpob1JRTCs4ZEhvSURXQlRkQnJCQ1Q4Y3hFUHUzcVhtbGNzemZwRkFhWElRb01hZ3NoNWNsKzVCWW90dz0KLS0tLS1FTkQgUlNBIFBSSVZBVEUgS0VZLS0tLS0K\n    token: 2ekllqkswwep6vswmghsj6cy17bss6twz4muwrqyem7j33io29j6tvaa5nm85tgdcn3qoxynx4awr49k36q50i0npf1u8ol2lsfi6jv5e6zdjdhr5us3dju2wrsagua9\n",
            "kubelet_identity": [],
            "kubernetes_version": "1.29.2",
            "linux_profile": [],
            "local_account_disabled": false,
            "location": "uksouth",
            "maintenance_window": [],
            "maintenance_window_auto_upgrade": [],
            "maintenance_window_node_os": [],
            "microsoft_defender": [],
            "monitor_metrics": [],
            "name": "iib-tf-aks-lab-akscluster",
            "network_profile": [
              {
                "dns_service_ip": "10.0.0.10",
                "docker_bridge_cidr": "",
                "ebpf_data_plane": "",
                "ip_versions": [
                  "IPv4"
                ],
                "load_balancer_profile": [
                  {
                    "effective_outbound_ips": [
                      "/subscriptions/06d7b9e6-3cfd-42f4-adcd-6e53d58e3320/resourceGroups/iib-tf-aks-lab-rg-nrg/providers/Microsoft.Network/publicIPAddresses/74644578-1066-46f1-a46c-4e283a2467e0"
                    ],
                    "idle_timeout_in_minutes": 0,
                    "managed_outbound_ip_count": 1,
                    "managed_outbound_ipv6_count": 0,
                    "outbound_ip_address_ids": [],
                    "outbound_ip_prefix_ids": [],
                    "outbound_ports_allocated": 0
                  }
                ],
                "load_balancer_sku": "standard",
                "nat_gateway_profile": [],
                "network_mode": "",
                "network_plugin": "azure",
                "network_plugin_mode": "",
                "network_policy": "",
                "outbound_type": "loadBalancer",
                "pod_cidr": "",
                "pod_cidrs": [],
                "service_cidr": "10.0.0.0/16",
                "service_cidrs": [
                  "10.0.0.0/16"
                ]
              }
            ],
            "node_os_channel_upgrade": null,
            "node_resource_group": "iib-tf-aks-lab-rg-nrg",
            "node_resource_group_id": "/subscriptions/06d7b9e6-3cfd-42f4-adcd-6e53d58e3320/resourceGroups/iib-tf-aks-lab-rg-nrg",
            "oidc_issuer_enabled": false,
            "oidc_issuer_url": "",
            "oms_agent": [],
            "open_service_mesh_enabled": null,
            "portal_fqdn": "iib-tf-aks-lab-rg-cluster-yvc418rq.portal.hcp.uksouth.azmk8s.io",
            "private_cluster_enabled": false,
            "private_cluster_public_fqdn_enabled": false,
            "private_dns_zone_id": null,
            "private_fqdn": "",
            "public_network_access_enabled": true,
            "resource_group_name": "iib-tf-aks-lab-rg",
            "role_based_access_control_enabled": true,
            "run_command_enabled": true,
            "service_mesh_profile": [],
            "service_principal": [
              {
                "client_id": "b38674e1-e43b-467d-8306-c19094b31b8f",
                "client_secret": "3HE8Q~rweJ3XhXpA9EhL7FwYJiJ5E-mDAf~vycKW"
              }
            ],
            "sku_tier": "Free",
            "storage_profile": [],
            "support_plan": "KubernetesOfficial",
            "tags": {
              "Environment": "Lab"
            },
            "timeouts": null,
            "web_app_routing": [],
            "windows_profile": [
              {
                "admin_password": "",
                "admin_username": "azureuser",
                "gmsa": [],
                "license": ""
              }
            ],
            "workload_autoscaler_profile": [],
            "workload_identity_enabled": false
          },
          "sensitive_attributes": [
            [
              {
                "type": "get_attr",
                "value": "service_principal"
              },
              {
                "type": "index",
                "value": {
                  "value": 0,
                  "type": "number"
                }
              },
              {
                "type": "get_attr",
                "value": "client_secret"
              }
            ],
            [
              {
                "type": "get_attr",
                "value": "kube_config_raw"
              }
            ],
            [
              {
                "type": "get_attr",
                "value": "windows_profile"
              },
              {
                "type": "index",
                "value": {
                  "value": 0,
                  "type": "number"
                }
              },
              {
                "type": "get_attr",
                "value": "admin_password"
              }
            ],
            [
              {
                "type": "get_attr",
                "value": "kube_config"
              }
            ],
            [
              {
                "type": "get_attr",
                "value": "kube_admin_config"
              }
            ],
            [
              {
                "type": "get_attr",
                "value": "kube_admin_config_raw"
              }
            ]
          ],
          "private": "eyJlMmJmYjczMC1lY2FhLTExZTYtOGY4OC0zNDM2M2JjN2M0YzAiOnsiY3JlYXRlIjo1NDAwMDAwMDAwMDAwLCJkZWxldGUiOjU0MDAwMDAwMDAwMDAsInJlYWQiOjMwMDAwMDAwMDAwMCwidXBkYXRlIjo1NDAwMDAwMDAwMDAwfSwic2NoZW1hX3ZlcnNpb24iOiIyIn0=",
          "dependencies": [
            "azurerm_resource_group.rg1",
            "module.AKS.data.azurerm_kubernetes_service_versions.current",
            "module.service_principal.azuread_application.spn",
            "module.service_principal.azuread_application_password.spn",
            "module.service_principal.azuread_service_principal.spn",
            "module.service_principal.azurerm_role_assignment.spn",
            "module.service_principal.data.azuread_client_config.current",
            "module.service_principal.data.azurerm_client_config.spn",
            "module.service_principal.data.azurerm_subscription.primary"
          ]
        }
      ]
    },
    {
      "module": "module.key_vault",
      "mode": "data",
      "type": "azurerm_client_config",
      "name": "current",
      "provider": "provider[\"registry.terraform.io/hashicorp/azurerm\"]",
      "instances": [
        {
          "schema_version": 0,
          "attributes": {
            "client_id": "04b07795-8ddb-461a-bbee-02f9e1bf7b46",
            "id": "Y2xpZW50Q29uZmlncy9jbGllbnRJZD0wNGIwNzc5NS04ZGRiLTQ2MWEtYmJlZS0wMmY5ZTFiZjdiNDY7b2JqZWN0SWQ9OWU3NGE1ODItODc2OS00MDZiLWJhOWYtYjU2MWU0NTljZDhmO3N1YnNjcmlwdGlvbklkPTA2ZDdiOWU2LTNjZmQtNDJmNC1hZGNkLTZlNTNkNThlMzMyMDt0ZW5hbnRJZD02ZmFjOTVhMS04Yzk2LTQ1YWQtODBhOC1hMDg4Y2YwNTQ5NDY=",
            "object_id": "9e74a582-8769-406b-ba9f-b561e459cd8f",
            "subscription_id": "06d7b9e6-3cfd-42f4-adcd-6e53d58e3320",
            "tenant_id": "6fac95a1-8c96-45ad-80a8-a088cf054946",
            "timeouts": null
          },
          "sensitive_attributes": []
        }
      ]
    },
    {
      "module": "module.key_vault",
      "mode": "managed",
      "type": "azurerm_key_vault",
      "name": "kvt",
      "provider": "provider[\"registry.terraform.io/hashicorp/azurerm\"]",
      "instances": [
        {
          "schema_version": 2,
          "attributes": {
            "access_policy": [
              {
                "application_id": "",
                "certificate_permissions": [],
                "key_permissions": [
                  "Create",
                  "Get",
                  "List"
                ],
                "object_id": "9e74a582-8769-406b-ba9f-b561e459cd8f",
                "secret_permissions": [
                  "Set",
                  "Get",
                  "Delete",
                  "Purge",
                  "Recover",
                  "List"
                ],
                "storage_permissions": [],
                "tenant_id": "6fac95a1-8c96-45ad-80a8-a088cf054946"
              }
            ],
            "contact": [],
            "enable_rbac_authorization": false,
            "enabled_for_deployment": false,
            "enabled_for_disk_encryption": true,
            "enabled_for_template_deployment": false,
            "id": "/subscriptions/06d7b9e6-3cfd-42f4-adcd-6e53d58e3320/resourceGroups/iib-tf-aks-lab-rg/providers/Microsoft.KeyVault/vaults/iib-tf-aks-lab-kvt",
            "location": "uksouth",
            "name": "iib-tf-aks-lab-kvt",
            "network_acls": [
              {
                "bypass": "AzureServices",
                "default_action": "Allow",
                "ip_rules": [],
                "virtual_network_subnet_ids": []
              }
            ],
            "public_network_access_enabled": true,
            "purge_protection_enabled": false,
            "resource_group_name": "iib-tf-aks-lab-rg",
            "sku_name": "standard",
            "soft_delete_retention_days": 7,
            "tags": {},
            "tenant_id": "6fac95a1-8c96-45ad-80a8-a088cf054946",
            "timeouts": null,
            "vault_uri": "https://iib-tf-aks-lab-kvt.vault.azure.net/"
          },
          "sensitive_attributes": [],
          "private": "eyJlMmJmYjczMC1lY2FhLTExZTYtOGY4OC0zNDM2M2JjN2M0YzAiOnsiY3JlYXRlIjoxODAwMDAwMDAwMDAwLCJkZWxldGUiOjE4MDAwMDAwMDAwMDAsInJlYWQiOjMwMDAwMDAwMDAwMCwidXBkYXRlIjoxODAwMDAwMDAwMDAwfSwic2NoZW1hX3ZlcnNpb24iOiIyIn0=",
          "dependencies": [
            "azurerm_resource_group.rg1",
            "module.key_vault.data.azurerm_client_config.current",
            "module.service_principal.azuread_application.spn",
            "module.service_principal.azuread_application_password.spn",
            "module.service_principal.azuread_service_principal.spn",
            "module.service_principal.azurerm_role_assignment.spn",
            "module.service_principal.data.azuread_client_config.current",
            "module.service_principal.data.azurerm_client_config.spn",
            "module.service_principal.data.azurerm_subscription.primary"
          ]
        }
      ]
    },
    {
      "module": "module.service_principal",
      "mode": "data",
      "type": "azuread_client_config",
      "name": "current",
      "provider": "provider[\"registry.terraform.io/hashicorp/azuread\"]",
      "instances": [
        {
          "schema_version": 0,
          "attributes": {
            "client_id": "04b07795-8ddb-461a-bbee-02f9e1bf7b46",
            "id": "6fac95a1-8c96-45ad-80a8-a088cf054946-04b07795-8ddb-461a-bbee-02f9e1bf7b46-9e74a582-8769-406b-ba9f-b561e459cd8f",
            "object_id": "9e74a582-8769-406b-ba9f-b561e459cd8f",
            "tenant_id": "6fac95a1-8c96-45ad-80a8-a088cf054946",
            "timeouts": null
          },
          "sensitive_attributes": []
        }
      ]
    },
    {
      "module": "module.service_principal",
      "mode": "data",
      "type": "azurerm_client_config",
      "name": "spn",
      "provider": "provider[\"registry.terraform.io/hashicorp/azurerm\"]",
      "instances": [
        {
          "schema_version": 0,
          "attributes": {
            "client_id": "04b07795-8ddb-461a-bbee-02f9e1bf7b46",
            "id": "Y2xpZW50Q29uZmlncy9jbGllbnRJZD0wNGIwNzc5NS04ZGRiLTQ2MWEtYmJlZS0wMmY5ZTFiZjdiNDY7b2JqZWN0SWQ9OWU3NGE1ODItODc2OS00MDZiLWJhOWYtYjU2MWU0NTljZDhmO3N1YnNjcmlwdGlvbklkPTA2ZDdiOWU2LTNjZmQtNDJmNC1hZGNkLTZlNTNkNThlMzMyMDt0ZW5hbnRJZD02ZmFjOTVhMS04Yzk2LTQ1YWQtODBhOC1hMDg4Y2YwNTQ5NDY=",
            "object_id": "9e74a582-8769-406b-ba9f-b561e459cd8f",
            "subscription_id": "06d7b9e6-3cfd-42f4-adcd-6e53d58e3320",
            "tenant_id": "6fac95a1-8c96-45ad-80a8-a088cf054946",
            "timeouts": null
          },
          "sensitive_attributes": []
        }
      ]
    },
    {
      "module": "module.service_principal",
      "mode": "data",
      "type": "azurerm_subscription",
      "name": "primary",
      "provider": "provider[\"registry.terraform.io/hashicorp/azurerm\"]",
      "instances": [
        {
          "schema_version": 0,
          "attributes": {
            "display_name": "Free Trial",
            "id": "/subscriptions/06d7b9e6-3cfd-42f4-adcd-6e53d58e3320",
            "location_placement_id": "PublicAndIndia_2015-09-01",
            "quota_id": "FreeTrial_2014-09-01",
            "spending_limit": "On",
            "state": "Enabled",
            "subscription_id": "06d7b9e6-3cfd-42f4-adcd-6e53d58e3320",
            "tags": {},
            "tenant_id": "6fac95a1-8c96-45ad-80a8-a088cf054946",
            "timeouts": null
          },
          "sensitive_attributes": []
        }
      ]
    },
    {
      "module": "module.service_principal",
      "mode": "managed",
      "type": "azuread_application",
      "name": "spn",
      "provider": "provider[\"registry.terraform.io/hashicorp/azuread\"]",
      "instances": [
        {
          "schema_version": 2,
          "attributes": {
            "api": [
              {
                "known_client_applications": [],
                "mapped_claims_enabled": false,
                "oauth2_permission_scope": [],
                "requested_access_token_version": 1
              }
            ],
            "app_role": [],
            "app_role_ids": {},
            "application_id": "b38674e1-e43b-467d-8306-c19094b31b8f",
            "client_id": "b38674e1-e43b-467d-8306-c19094b31b8f",
            "description": "",
            "device_only_auth_enabled": false,
            "disabled_by_microsoft": "\u003cnil\u003e",
            "display_name": "iib-tf-aks-lab-spn",
            "fallback_public_client_enabled": false,
            "feature_tags": [
              {
                "custom_single_sign_on": false,
                "enterprise": false,
                "gallery": false,
                "hide": false
              }
            ],
            "group_membership_claims": [],
            "id": "/applications/302e6ce0-929f-4076-a1e4-6545aed5b906",
            "identifier_uris": [],
            "logo_image": "",
            "logo_url": "",
            "marketing_url": "",
            "notes": "",
            "oauth2_permission_scope_ids": {},
            "oauth2_post_response_required": false,
            "object_id": "302e6ce0-929f-4076-a1e4-6545aed5b906",
            "optional_claims": [
              {
                "access_token": [],
                "id_token": [],
                "saml2_token": []
              }
            ],
            "owners": [
              "9e74a582-8769-406b-ba9f-b561e459cd8f"
            ],
            "prevent_duplicate_names": false,
            "privacy_statement_url": "",
            "public_client": [
              {
                "redirect_uris": []
              }
            ],
            "publisher_domain": "logesh9310gmail.onmicrosoft.com",
            "required_resource_access": [],
            "service_management_reference": "",
            "sign_in_audience": "AzureADMyOrg",
            "single_page_application": [
              {
                "redirect_uris": []
              }
            ],
            "support_url": "",
            "tags": [],
            "template_id": "",
            "terms_of_service_url": "",
            "timeouts": null,
            "web": [
              {
                "homepage_url": "",
                "implicit_grant": [
                  {
                    "access_token_issuance_enabled": false,
                    "id_token_issuance_enabled": false
                  }
                ],
                "logout_url": "",
                "redirect_uris": []
              }
            ]
          },
          "sensitive_attributes": [],
          "private": "eyJlMmJmYjczMC1lY2FhLTExZTYtOGY4OC0zNDM2M2JjN2M0YzAiOnsiY3JlYXRlIjo2MDAwMDAwMDAwMDAsImRlbGV0ZSI6MzAwMDAwMDAwMDAwLCJyZWFkIjozMDAwMDAwMDAwMDAsInVwZGF0ZSI6NjAwMDAwMDAwMDAwfSwic2NoZW1hX3ZlcnNpb24iOiIyIn0=",
          "dependencies": [
            "azurerm_resource_group.rg1",
            "module.service_principal.data.azuread_client_config.current"
          ]
        }
      ]
    },
    {
      "module": "module.service_principal",
      "mode": "managed",
      "type": "azuread_application_password",
      "name": "spn",
      "provider": "provider[\"registry.terraform.io/hashicorp/azuread\"]",
      "instances": [
        {
          "schema_version": 1,
          "attributes": {
            "application_id": "/applications/302e6ce0-929f-4076-a1e4-6545aed5b906",
            "application_object_id": "302e6ce0-929f-4076-a1e4-6545aed5b906",
            "display_name": null,
            "end_date": "2026-04-20T21:44:31Z",
            "end_date_relative": null,
            "id": "302e6ce0-929f-4076-a1e4-6545aed5b906/password/447e3b55-9cfe-4b84-9353-625fcaaf85a9",
            "key_id": "447e3b55-9cfe-4b84-9353-625fcaaf85a9",
            "rotate_when_changed": null,
            "start_date": "2024-04-20T21:44:31Z",
            "timeouts": null,
            "value": "3HE8Q~rweJ3XhXpA9EhL7FwYJiJ5E-mDAf~vycKW"
          },
          "sensitive_attributes": [
            [
              {
                "type": "get_attr",
                "value": "value"
              }
            ]
          ],
          "private": "eyJlMmJmYjczMC1lY2FhLTExZTYtOGY4OC0zNDM2M2JjN2M0YzAiOnsiY3JlYXRlIjo5MDAwMDAwMDAwMDAsImRlbGV0ZSI6MzAwMDAwMDAwMDAwLCJyZWFkIjozMDAwMDAwMDAwMDAsInVwZGF0ZSI6MzAwMDAwMDAwMDAwfSwic2NoZW1hX3ZlcnNpb24iOiIxIn0=",
          "dependencies": [
            "azurerm_resource_group.rg1",
            "module.service_principal.azuread_application.spn",
            "module.service_principal.data.azuread_client_config.current"
          ]
        }
      ]
    },
    {
      "module": "module.service_principal",
      "mode": "managed",
      "type": "azuread_service_principal",
      "name": "spn",
      "provider": "provider[\"registry.terraform.io/hashicorp/azuread\"]",
      "instances": [
        {
          "schema_version": 0,
          "attributes": {
            "account_enabled": true,
            "alternative_names": [],
            "app_role_assignment_required": false,
            "app_role_ids": {},
            "app_roles": [],
            "application_id": "b38674e1-e43b-467d-8306-c19094b31b8f",
            "application_tenant_id": "6fac95a1-8c96-45ad-80a8-a088cf054946",
            "client_id": "b38674e1-e43b-467d-8306-c19094b31b8f",
            "description": "",
            "display_name": "iib-tf-aks-lab-spn",
            "feature_tags": [
              {
                "custom_single_sign_on": false,
                "enterprise": false,
                "gallery": false,
                "hide": false
              }
            ],
            "features": [
              {
                "custom_single_sign_on_app": false,
                "enterprise_application": false,
                "gallery_application": false,
                "visible_to_users": true
              }
            ],
            "homepage_url": "",
            "id": "0c860e74-7b56-47a3-904f-aea109b9308a",
            "login_url": "",
            "logout_url": "",
            "notes": "",
            "notification_email_addresses": [],
            "oauth2_permission_scope_ids": {},
            "oauth2_permission_scopes": [],
            "object_id": "0c860e74-7b56-47a3-904f-aea109b9308a",
            "owners": [],
            "preferred_single_sign_on_mode": "",
            "redirect_uris": [],
            "saml_metadata_url": "",
            "saml_single_sign_on": [
              {
                "relay_state": ""
              }
            ],
            "service_principal_names": [],
            "sign_in_audience": "AzureADMyOrg",
            "tags": [],
            "timeouts": null,
            "type": "Application",
            "use_existing": null
          },
          "sensitive_attributes": [],
          "private": "eyJlMmJmYjczMC1lY2FhLTExZTYtOGY4OC0zNDM2M2JjN2M0YzAiOnsiY3JlYXRlIjo2MDAwMDAwMDAwMDAsImRlbGV0ZSI6MzAwMDAwMDAwMDAwLCJyZWFkIjozMDAwMDAwMDAwMDAsInVwZGF0ZSI6NjAwMDAwMDAwMDAwfX0=",
          "dependencies": [
            "azurerm_resource_group.rg1",
            "module.service_principal.azuread_application.spn",
            "module.service_principal.data.azuread_client_config.current"
          ]
        }
      ]
    },
    {
      "module": "module.service_principal",
      "mode": "managed",
      "type": "azurerm_role_assignment",
      "name": "spn",
      "provider": "provider[\"registry.terraform.io/hashicorp/azurerm\"]",
      "instances": [
        {
          "schema_version": 0,
          "attributes": {
            "condition": "",
            "condition_version": "",
            "delegated_managed_identity_resource_id": "",
            "description": "",
            "id": "/subscriptions/06d7b9e6-3cfd-42f4-adcd-6e53d58e3320/providers/Microsoft.Authorization/roleAssignments/458cb3f8-5958-cddf-253e-45d1e0ffba24",
            "name": "458cb3f8-5958-cddf-253e-45d1e0ffba24",
            "principal_id": "0c860e74-7b56-47a3-904f-aea109b9308a",
            "principal_type": "ServicePrincipal",
            "role_definition_id": "/subscriptions/06d7b9e6-3cfd-42f4-adcd-6e53d58e3320/providers/Microsoft.Authorization/roleDefinitions/b24988ac-6180-42a0-ab88-20f7382dd24c",
            "role_definition_name": "Contributor",
            "scope": "/subscriptions/06d7b9e6-3cfd-42f4-adcd-6e53d58e3320",
            "skip_service_principal_aad_check": null,
            "timeouts": null
          },
          "sensitive_attributes": [],
          "private": "eyJlMmJmYjczMC1lY2FhLTExZTYtOGY4OC0zNDM2M2JjN2M0YzAiOnsiY3JlYXRlIjoxODAwMDAwMDAwMDAwLCJkZWxldGUiOjE4MDAwMDAwMDAwMDAsInJlYWQiOjMwMDAwMDAwMDAwMH19",
          "dependencies": [
            "azurerm_resource_group.rg1",
            "module.service_principal.azuread_application.spn",
            "module.service_principal.azuread_service_principal.spn",
            "module.service_principal.data.azuread_client_config.current",
            "module.service_principal.data.azurerm_subscription.primary"
          ]
        }
      ]
    }
  ],
  "check_results": null
}
